// !$*UTF8*$!
{
	archiveVersion = 1;
	classes = {
	};
	objectVersion = 77;
	objects = {

/* Begin PBXContainerItemProxy section */
		D64CAEA32D84EBDB0067A0C1 /* PBXContainerItemProxy */ = {
			isa = PBXContainerItemProxy;
			containerPortal = D64CAE8A2D84EBD90067A0C1 /* Project object */;
			proxyType = 1;
			remoteGlobalIDString = D64CAE912D84EBD90067A0C1;
			remoteInfo = "swift-spotlight";
		};
		D64CAEAD2D84EBDB0067A0C1 /* PBXContainerItemProxy */ = {
			isa = PBXContainerItemProxy;
			containerPortal = D64CAE8A2D84EBD90067A0C1 /* Project object */;
			proxyType = 1;
			remoteGlobalIDString = D64CAE912D84EBD90067A0C1;
			remoteInfo = "swift-spotlight";
		};
/* End PBXContainerItemProxy section */

/* Begin PBXFileReference section */
		D648B4E42D8A9F7200A5BD84 /* Package.swift */ = {isa = PBXFileReference; lastKnownFileType = sourcecode.swift; path = Package.swift; sourceTree = "<group>"; };
		D64CAE922D84EBD90067A0C1 /* SpotlightKit.app */ = {isa = PBXFileReference; explicitFileType = wrapper.application; includeInIndex = 0; path = SpotlightKit.app; sourceTree = BUILT_PRODUCTS_DIR; };
		D64CAEA22D84EBDB0067A0C1 /* SpotlightKitTests.xctest */ = {isa = PBXFileReference; explicitFileType = wrapper.cfbundle; includeInIndex = 0; path = SpotlightKitTests.xctest; sourceTree = BUILT_PRODUCTS_DIR; };
		D64CAEAC2D84EBDB0067A0C1 /* SpotlightKitUITests.xctest */ = {isa = PBXFileReference; explicitFileType = wrapper.cfbundle; includeInIndex = 0; path = SpotlightKitUITests.xctest; sourceTree = BUILT_PRODUCTS_DIR; };
/* End PBXFileReference section */

/* Begin PBXFileSystemSynchronizedRootGroup section */
		D64CAE942D84EBD90067A0C1 /* Sources */ = {
			isa = PBXFileSystemSynchronizedRootGroup;
			path = Sources;
			sourceTree = "<group>";
		};
		D64CAEA52D84EBDB0067A0C1 /* SpotlightKit_Tests */ = {
			isa = PBXFileSystemSynchronizedRootGroup;
			path = SpotlightKit_Tests;
			sourceTree = "<group>";
		};
		D64CAEAF2D84EBDB0067A0C1 /* SpotlightKit_UITests */ = {
			isa = PBXFileSystemSynchronizedRootGroup;
			path = SpotlightKit_UITests;
			sourceTree = "<group>";
		};
/* End PBXFileSystemSynchronizedRootGroup section */

/* Begin PBXFrameworksBuildPhase section */
		D64CAE8F2D84EBD90067A0C1 /* Frameworks */ = {
			isa = PBXFrameworksBuildPhase;
			buildActionMask = 2147483647;
			files = (
			);
			runOnlyForDeploymentPostprocessing = 0;
		};
		D64CAE9F2D84EBDB0067A0C1 /* Frameworks */ = {
			isa = PBXFrameworksBuildPhase;
			buildActionMask = 2147483647;
			files = (
			);
			runOnlyForDeploymentPostprocessing = 0;
		};
		D64CAEA92D84EBDB0067A0C1 /* Frameworks */ = {
			isa = PBXFrameworksBuildPhase;
			buildActionMask = 2147483647;
			files = (
			);
			runOnlyForDeploymentPostprocessing = 0;
		};
/* End PBXFrameworksBuildPhase section */

/* Begin PBXGroup section */
		D64CAE892D84EBD90067A0C1 = {
			isa = PBXGroup;
			children = (
				D64CAE942D84EBD90067A0C1 /* Sources */,
				D64CAEA52D84EBDB0067A0C1 /* SpotlightKit_Tests */,
				D64CAEAF2D84EBDB0067A0C1 /* SpotlightKit_UITests */,
				D64CAE932D84EBD90067A0C1 /* Products */,
				D648B4E42D8A9F7200A5BD84 /* Package.swift */,
			);
			sourceTree = "<group>";
		};
		D64CAE932D84EBD90067A0C1 /* Products */ = {
			isa = PBXGroup;
			children = (
				D64CAE922D84EBD90067A0C1 /* SpotlightKit.app */,
				D64CAEA22D84EBDB0067A0C1 /* SpotlightKitTests.xctest */,
				D64CAEAC2D84EBDB0067A0C1 /* SpotlightKitUITests.xctest */,
			);
			name = Products;
			sourceTree = "<group>";
		};
/* End PBXGroup section */

/* Begin PBXNativeTarget section */
		D64CAE912D84EBD90067A0C1 /* SpotlightKit */ = {
			isa = PBXNativeTarget;
			buildConfigurationList = D64CAEB62D84EBDB0067A0C1 /* Build configuration list for PBXNativeTarget "SpotlightKit" */;
			buildPhases = (
				D64CAE8E2D84EBD90067A0C1 /* Sources */,
				D64CAE8F2D84EBD90067A0C1 /* Frameworks */,
				D64CAE902D84EBD90067A0C1 /* Resources */,
			);
			buildRules = (
			);
			dependencies = (
			);
			fileSystemSynchronizedGroups = (
				D64CAE942D84EBD90067A0C1 /* Sources */,
			);
			name = SpotlightKit;
			packageProductDependencies = (
			);
			productName = "swift-spotlight";
			productReference = D64CAE922D84EBD90067A0C1 /* SpotlightKit.app */;
			productType = "com.apple.product-type.application";
		};
		D64CAEA12D84EBDB0067A0C1 /* SpotlightKitTests */ = {
			isa = PBXNativeTarget;
			buildConfigurationList = D64CAEB92D84EBDB0067A0C1 /* Build configuration list for PBXNativeTarget "SpotlightKitTests" */;
			buildPhases = (
				D64CAE9E2D84EBDB0067A0C1 /* Sources */,
				D64CAE9F2D84EBDB0067A0C1 /* Frameworks */,
				D64CAEA02D84EBDB0067A0C1 /* Resources */,
			);
			buildRules = (
			);
			dependencies = (
				D64CAEA42D84EBDB0067A0C1 /* PBXTargetDependency */,
			);
			fileSystemSynchronizedGroups = (
				D64CAEA52D84EBDB0067A0C1 /* SpotlightKit_Tests */,
			);
			name = SpotlightKitTests;
			packageProductDependencies = (
			);
			productName = "swift-spotlightTests";
			productReference = D64CAEA22D84EBDB0067A0C1 /* SpotlightKitTests.xctest */;
			productType = "com.apple.product-type.bundle.unit-test";
		};
		D64CAEAB2D84EBDB0067A0C1 /* SpotlightKitUITests */ = {
			isa = PBXNativeTarget;
			buildConfigurationList = D64CAEBC2D84EBDB0067A0C1 /* Build configuration list for PBXNativeTarget "SpotlightKitUITests" */;
			buildPhases = (
				D64CAEA82D84EBDB0067A0C1 /* Sources */,
				D64CAEA92D84EBDB0067A0C1 /* Frameworks */,
				D64CAEAA2D84EBDB0067A0C1 /* Resources */,
			);
			buildRules = (
			);
			dependencies = (
				D64CAEAE2D84EBDB0067A0C1 /* PBXTargetDependency */,
			);
			fileSystemSynchronizedGroups = (
				D64CAEAF2D84EBDB0067A0C1 /* SpotlightKit_UITests */,
			);
			name = SpotlightKitUITests;
			packageProductDependencies = (
			);
			productName = "swift-spotlightUITests";
			productReference = D64CAEAC2D84EBDB0067A0C1 /* SpotlightKitUITests.xctest */;
			productType = "com.apple.product-type.bundle.ui-testing";
		};
/* End PBXNativeTarget section */

/* Begin PBXProject section */
		D64CAE8A2D84EBD90067A0C1 /* Project object */ = {
			isa = PBXProject;
			attributes = {
				BuildIndependentTargetsInParallel = 1;
				LastSwiftUpdateCheck = 1620;
				LastUpgradeCheck = 1620;
				TargetAttributes = {
					D64CAE912D84EBD90067A0C1 = {
						CreatedOnToolsVersion = 16.2;
					};
					D64CAEA12D84EBDB0067A0C1 = {
						CreatedOnToolsVersion = 16.2;
						TestTargetID = D64CAE912D84EBD90067A0C1;
					};
					D64CAEAB2D84EBDB0067A0C1 = {
						CreatedOnToolsVersion = 16.2;
						TestTargetID = D64CAE912D84EBD90067A0C1;
					};
				};
			};
			buildConfigurationList = D64CAE8D2D84EBD90067A0C1 /* Build configuration list for PBXProject "SpotlightKit" */;
			developmentRegion = en;
			hasScannedForEncodings = 0;
			knownRegions = (
				en,
				Base,
			);
			mainGroup = D64CAE892D84EBD90067A0C1;
			minimizedProjectReferenceProxies = 1;
			preferredProjectObjectVersion = 77;
			productRefGroup = D64CAE932D84EBD90067A0C1 /* Products */;
			projectDirPath = "";
			projectRoot = "";
			targets = (
				D64CAE912D84EBD90067A0C1 /* SpotlightKit */,
				D64CAEA12D84EBDB0067A0C1 /* SpotlightKitTests */,
				D64CAEAB2D84EBDB0067A0C1 /* SpotlightKitUITests */,
			);
		};
/* End PBXProject section */

/* Begin PBXResourcesBuildPhase section */
		D64CAE902D84EBD90067A0C1 /* Resources */ = {
			isa = PBXResourcesBuildPhase;
			buildActionMask = 2147483647;
			files = (
			);
			runOnlyForDeploymentPostprocessing = 0;
		};
		D64CAEA02D84EBDB0067A0C1 /* Resources */ = {
			isa = PBXResourcesBuildPhase;
			buildActionMask = 2147483647;
			files = (
			);
			runOnlyForDeploymentPostprocessing = 0;
		};
		D64CAEAA2D84EBDB0067A0C1 /* Resources */ = {
			isa = PBXResourcesBuildPhase;
			buildActionMask = 2147483647;
			files = (
			);
			runOnlyForDeploymentPostprocessing = 0;
		};
/* End PBXResourcesBuildPhase section */

/* Begin PBXSourcesBuildPhase section */
		D64CAE8E2D84EBD90067A0C1 /* Sources */ = {
			isa = PBXSourcesBuildPhase;
			buildActionMask = 2147483647;
			files = (
			);
			runOnlyForDeploymentPostprocessing = 0;
		};
		D64CAE9E2D84EBDB0067A0C1 /* Sources */ = {
			isa = PBXSourcesBuildPhase;
			buildActionMask = 2147483647;
			files = (
			);
			runOnlyForDeploymentPostprocessing = 0;
		};
		D64CAEA82D84EBDB0067A0C1 /* Sources */ = {
			isa = PBXSourcesBuildPhase;
			buildActionMask = 2147483647;
			files = (
			);
			runOnlyForDeploymentPostprocessing = 0;
		};
/* End PBXSourcesBuildPhase section */

/* Begin PBXTargetDependency section */
		D64CAEA42D84EBDB0067A0C1 /* PBXTargetDependency */ = {
			isa = PBXTargetDependency;
			target = D64CAE912D84EBD90067A0C1 /* SpotlightKit */;
			targetProxy = D64CAEA32D84EBDB0067A0C1 /* PBXContainerItemProxy */;
		};
		D64CAEAE2D84EBDB0067A0C1 /* PBXTargetDependency */ = {
			isa = PBXTargetDependency;
			target = D64CAE912D84EBD90067A0C1 /* SpotlightKit */;
			targetProxy = D64CAEAD2D84EBDB0067A0C1 /* PBXContainerItemProxy */;
		};
/* End PBXTargetDependency section */

/* Begin XCBuildConfiguration section */
		D64CAEB42D84EBDB0067A0C1 /* Debug */ = {
			isa = XCBuildConfiguration;
			buildSettings = {
				ALWAYS_SEARCH_USER_PATHS = NO;
				ASSETCATALOG_COMPILER_GENERATE_SWIFT_ASSET_SYMBOL_EXTENSIONS = YES;
				CLANG_ANALYZER_NONNULL = YES;
				CLANG_ANALYZER_NUMBER_OBJECT_CONVERSION = YES_AGGRESSIVE;
				CLANG_CXX_LANGUAGE_STANDARD = "gnu++20";
				CLANG_ENABLE_MODULES = YES;
				CLANG_ENABLE_OBJC_ARC = YES;
				CLANG_ENABLE_OBJC_WEAK = YES;
				CLANG_WARN_BLOCK_CAPTURE_AUTORELEASING = YES;
				CLANG_WARN_BOOL_CONVERSION = YES;
				CLANG_WARN_COMMA = YES;
				CLANG_WARN_CONSTANT_CONVERSION = YES;
				CLANG_WARN_DEPRECATED_OBJC_IMPLEMENTATIONS = YES;
				CLANG_WARN_DIRECT_OBJC_ISA_USAGE = YES_ERROR;
				CLANG_WARN_DOCUMENTATION_COMMENTS = YES;
				CLANG_WARN_EMPTY_BODY = YES;
				CLANG_WARN_ENUM_CONVERSION = YES;
				CLANG_WARN_INFINITE_RECURSION = YES;
				CLANG_WARN_INT_CONVERSION = YES;
				CLANG_WARN_NON_LITERAL_NULL_CONVERSION = YES;
				CLANG_WARN_OBJC_IMPLICIT_RETAIN_SELF = YES;
				CLANG_WARN_OBJC_LITERAL_CONVERSION = YES;
				CLANG_WARN_OBJC_ROOT_CLASS = YES_ERROR;
				CLANG_WARN_QUOTED_INCLUDE_IN_FRAMEWORK_HEADER = YES;
				CLANG_WARN_RANGE_LOOP_ANALYSIS = YES;
				CLANG_WARN_STRICT_PROTOTYPES = YES;
				CLANG_WARN_SUSPICIOUS_MOVE = YES;
				CLANG_WARN_UNGUARDED_AVAILABILITY = YES_AGGRESSIVE;
				CLANG_WARN_UNREACHABLE_CODE = YES;
				CLANG_WARN__DUPLICATE_METHOD_MATCH = YES;
				COPY_PHASE_STRIP = NO;
				DEBUG_INFORMATION_FORMAT = dwarf;
				ENABLE_STRICT_OBJC_MSGSEND = YES;
				ENABLE_TESTABILITY = YES;
				ENABLE_USER_SCRIPT_SANDBOXING = YES;
				GCC_C_LANGUAGE_STANDARD = gnu17;
				GCC_DYNAMIC_NO_PIC = NO;
				GCC_NO_COMMON_BLOCKS = YES;
				GCC_OPTIMIZATION_LEVEL = 0;
				GCC_PREPROCESSOR_DEFINITIONS = (
					"DEBUG=1",
					"$(inherited)",
				);
				GCC_WARN_64_TO_32_BIT_CONVERSION = YES;
				GCC_WARN_ABOUT_RETURN_TYPE = YES_ERROR;
				GCC_WARN_UNDECLARED_SELECTOR = YES;
				GCC_WARN_UNINITIALIZED_AUTOS = YES_AGGRESSIVE;
				GCC_WARN_UNUSED_FUNCTION = YES;
				GCC_WARN_UNUSED_VARIABLE = YES;
				IPHONEOS_DEPLOYMENT_TARGET = 18.2;
				LOCALIZATION_PREFERS_STRING_CATALOGS = YES;
				MTL_ENABLE_DEBUG_INFO = INCLUDE_SOURCE;
				MTL_FAST_MATH = YES;
				ONLY_ACTIVE_ARCH = YES;
				SDKROOT = iphoneos;
				SWIFT_ACTIVE_COMPILATION_CONDITIONS = "DEBUG $(inherited)";
				SWIFT_OPTIMIZATION_LEVEL = "-Onone";
			};
			name = Debug;
		};
		D64CAEB52D84EBDB0067A0C1 /* Release */ = {
			isa = XCBuildConfiguration;
			buildSettings = {
				ALWAYS_SEARCH_USER_PATHS = NO;
				ASSETCATALOG_COMPILER_GENERATE_SWIFT_ASSET_SYMBOL_EXTENSIONS = YES;
				CLANG_ANALYZER_NONNULL = YES;
				CLANG_ANALYZER_NUMBER_OBJECT_CONVERSION = YES_AGGRESSIVE;
				CLANG_CXX_LANGUAGE_STANDARD = "gnu++20";
				CLANG_ENABLE_MODULES = YES;
				CLANG_ENABLE_OBJC_ARC = YES;
				CLANG_ENABLE_OBJC_WEAK = YES;
				CLANG_WARN_BLOCK_CAPTURE_AUTORELEASING = YES;
				CLANG_WARN_BOOL_CONVERSION = YES;
				CLANG_WARN_COMMA = YES;
				CLANG_WARN_CONSTANT_CONVERSION = YES;
				CLANG_WARN_DEPRECATED_OBJC_IMPLEMENTATIONS = YES;
				CLANG_WARN_DIRECT_OBJC_ISA_USAGE = YES_ERROR;
				CLANG_WARN_DOCUMENTATION_COMMENTS = YES;
				CLANG_WARN_EMPTY_BODY = YES;
				CLANG_WARN_ENUM_CONVERSION = YES;
				CLANG_WARN_INFINITE_RECURSION = YES;
				CLANG_WARN_INT_CONVERSION = YES;
				CLANG_WARN_NON_LITERAL_NULL_CONVERSION = YES;
				CLANG_WARN_OBJC_IMPLICIT_RETAIN_SELF = YES;
				CLANG_WARN_OBJC_LITERAL_CONVERSION = YES;
				CLANG_WARN_OBJC_ROOT_CLASS = YES_ERROR;
				CLANG_WARN_QUOTED_INCLUDE_IN_FRAMEWORK_HEADER = YES;
				CLANG_WARN_RANGE_LOOP_ANALYSIS = YES;
				CLANG_WARN_STRICT_PROTOTYPES = YES;
				CLANG_WARN_SUSPICIOUS_MOVE = YES;
				CLANG_WARN_UNGUARDED_AVAILABILITY = YES_AGGRESSIVE;
				CLANG_WARN_UNREACHABLE_CODE = YES;
				CLANG_WARN__DUPLICATE_METHOD_MATCH = YES;
				COPY_PHASE_STRIP = NO;
				DEBUG_INFORMATION_FORMAT = "dwarf-with-dsym";
				ENABLE_NS_ASSERTIONS = NO;
				ENABLE_STRICT_OBJC_MSGSEND = YES;
				ENABLE_USER_SCRIPT_SANDBOXING = YES;
				GCC_C_LANGUAGE_STANDARD = gnu17;
				GCC_NO_COMMON_BLOCKS = YES;
				GCC_WARN_64_TO_32_BIT_CONVERSION = YES;
				GCC_WARN_ABOUT_RETURN_TYPE = YES_ERROR;
				GCC_WARN_UNDECLARED_SELECTOR = YES;
				GCC_WARN_UNINITIALIZED_AUTOS = YES_AGGRESSIVE;
				GCC_WARN_UNUSED_FUNCTION = YES;
				GCC_WARN_UNUSED_VARIABLE = YES;
				IPHONEOS_DEPLOYMENT_TARGET = 18.2;
				LOCALIZATION_PREFERS_STRING_CATALOGS = YES;
				MTL_ENABLE_DEBUG_INFO = NO;
				MTL_FAST_MATH = YES;
				SDKROOT = iphoneos;
				SWIFT_COMPILATION_MODE = wholemodule;
				VALIDATE_PRODUCT = YES;
			};
			name = Release;
		};
		D64CAEB72D84EBDB0067A0C1 /* Debug */ = {
			isa = XCBuildConfiguration;
			buildSettings = {
				ASSETCATALOG_COMPILER_APPICON_NAME = AppIcon;
				ASSETCATALOG_COMPILER_GLOBAL_ACCENT_COLOR_NAME = AccentColor;
				CODE_SIGN_STYLE = Automatic;
				CURRENT_PROJECT_VERSION = 1;
				DEVELOPMENT_ASSET_PATHS = "";
				DEVELOPMENT_TEAM = 8J47K522HX;
				ENABLE_PREVIEWS = YES;
				GENERATE_INFOPLIST_FILE = YES;
				INFOPLIST_KEY_UIApplicationSceneManifest_Generation = YES;
				INFOPLIST_KEY_UIApplicationSupportsIndirectInputEvents = YES;
				INFOPLIST_KEY_UILaunchScreen_Generation = YES;
				INFOPLIST_KEY_UISupportedInterfaceOrientations_iPad = "UIInterfaceOrientationPortrait UIInterfaceOrientationPortraitUpsideDown UIInterfaceOrientationLandscapeLeft UIInterfaceOrientationLandscapeRight";
				INFOPLIST_KEY_UISupportedInterfaceOrientations_iPhone = "UIInterfaceOrientationPortrait UIInterfaceOrientationLandscapeLeft UIInterfaceOrientationLandscapeRight";
				IPHONEOS_DEPLOYMENT_TARGET = 18.0;
				LD_RUNPATH_SEARCH_PATHS = (
					"$(inherited)",
					"@executable_path/Frameworks",
				);
				MARKETING_VERSION = 1.0;
				PRODUCT_BUNDLE_IDENTIFIER = "com.palenciavik.swift-spotlight";
				PRODUCT_NAME = "$(TARGET_NAME)";
				SWIFT_EMIT_LOC_STRINGS = YES;
				SWIFT_VERSION = 5.0;
				TARGETED_DEVICE_FAMILY = "1,2";
			};
			name = Debug;
		};
		D64CAEB82D84EBDB0067A0C1 /* Release */ = {
			isa = XCBuildConfiguration;
			buildSettings = {
				ASSETCATALOG_COMPILER_APPICON_NAME = AppIcon;
				ASSETCATALOG_COMPILER_GLOBAL_ACCENT_COLOR_NAME = AccentColor;
				CODE_SIGN_STYLE = Automatic;
				CURRENT_PROJECT_VERSION = 1;
				DEVELOPMENT_ASSET_PATHS = "";
				DEVELOPMENT_TEAM = 8J47K522HX;
				ENABLE_PREVIEWS = YES;
				GENERATE_INFOPLIST_FILE = YES;
				INFOPLIST_KEY_UIApplicationSceneManifest_Generation = YES;
				INFOPLIST_KEY_UIApplicationSupportsIndirectInputEvents = YES;
				INFOPLIST_KEY_UILaunchScreen_Generation = YES;
				INFOPLIST_KEY_UISupportedInterfaceOrientations_iPad = "UIInterfaceOrientationPortrait UIInterfaceOrientationPortraitUpsideDown UIInterfaceOrientationLandscapeLeft UIInterfaceOrientationLandscapeRight";
				INFOPLIST_KEY_UISupportedInterfaceOrientations_iPhone = "UIInterfaceOrientationPortrait UIInterfaceOrientationLandscapeLeft UIInterfaceOrientationLandscapeRight";
				IPHONEOS_DEPLOYMENT_TARGET = 18.0;
				LD_RUNPATH_SEARCH_PATHS = (
					"$(inherited)",
					"@executable_path/Frameworks",
				);
				MARKETING_VERSION = 1.0;
				PRODUCT_BUNDLE_IDENTIFIER = "com.palenciavik.swift-spotlight";
				PRODUCT_NAME = "$(TARGET_NAME)";
				SWIFT_EMIT_LOC_STRINGS = YES;
				SWIFT_VERSION = 5.0;
				TARGETED_DEVICE_FAMILY = "1,2";
			};
			name = Release;
		};
		D64CAEBA2D84EBDB0067A0C1 /* Debug */ = {
			isa = XCBuildConfiguration;
			buildSettings = {
				BUNDLE_LOADER = "$(TEST_HOST)";
				CODE_SIGN_STYLE = Automatic;
				CURRENT_PROJECT_VERSION = 1;
				DEVELOPMENT_TEAM = 8J47K522HX;
				GENERATE_INFOPLIST_FILE = YES;
				IPHONEOS_DEPLOYMENT_TARGET = 18.2;
				MARKETING_VERSION = 1.0;
				PRODUCT_BUNDLE_IDENTIFIER = "com.palenciavik.swift-spotlightTests";
				PRODUCT_NAME = "$(TARGET_NAME)";
				SWIFT_EMIT_LOC_STRINGS = NO;
				SWIFT_VERSION = 5.0;
				TARGETED_DEVICE_FAMILY = "1,2";
				TEST_HOST = "$(BUILT_PRODUCTS_DIR)/SpotlightKit.app/$(BUNDLE_EXECUTABLE_FOLDER_PATH)/SpotlightKit";
			};
			name = Debug;
		};
		D64CAEBB2D84EBDB0067A0C1 /* Release */ = {
			isa = XCBuildConfiguration;
			buildSettings = {
				BUNDLE_LOADER = "$(TEST_HOST)";
				CODE_SIGN_STYLE = Automatic;
				CURRENT_PROJECT_VERSION = 1;
				DEVELOPMENT_TEAM = 8J47K522HX;
				GENERATE_INFOPLIST_FILE = YES;
				IPHONEOS_DEPLOYMENT_TARGET = 18.2;
				MARKETING_VERSION = 1.0;
				PRODUCT_BUNDLE_IDENTIFIER = "com.palenciavik.swift-spotlightTests";
				PRODUCT_NAME = "$(TARGET_NAME)";
				SWIFT_EMIT_LOC_STRINGS = NO;
				SWIFT_VERSION = 5.0;
				TARGETED_DEVICE_FAMILY = "1,2";
				TEST_HOST = "$(BUILT_PRODUCTS_DIR)/SpotlightKit.app/$(BUNDLE_EXECUTABLE_FOLDER_PATH)/SpotlightKit";
			};
			name = Release;
		};
		D64CAEBD2D84EBDB0067A0C1 /* Debug */ = {
			isa = XCBuildConfiguration;
			buildSettings = {
				CODE_SIGN_STYLE = Automatic;
				CURRENT_PROJECT_VERSION = 1;
				DEVELOPMENT_TEAM = 8J47K522HX;
				GENERATE_INFOPLIST_FILE = YES;
				MARKETING_VERSION = 1.0;
				PRODUCT_BUNDLE_IDENTIFIER = "com.palenciavik.swift-spotlightUITests";
				PRODUCT_NAME = "$(TARGET_NAME)";
				SWIFT_EMIT_LOC_STRINGS = NO;
				SWIFT_VERSION = 5.0;
				TARGETED_DEVICE_FAMILY = "1,2";
				TEST_TARGET_NAME = "swift-spotlight";
			};
			name = Debug;
		};
		D64CAEBE2D84EBDB0067A0C1 /* Release */ = {
			isa = XCBuildConfiguration;
			buildSettings = {
				CODE_SIGN_STYLE = Automatic;
				CURRENT_PROJECT_VERSION = 1;
				DEVELOPMENT_TEAM = 8J47K522HX;
				GENERATE_INFOPLIST_FILE = YES;
				MARKETING_VERSION = 1.0;
				PRODUCT_BUNDLE_IDENTIFIER = "com.palenciavik.swift-spotlightUITests";
				PRODUCT_NAME = "$(TARGET_NAME)";
				SWIFT_EMIT_LOC_STRINGS = NO;
				SWIFT_VERSION = 5.0;
				TARGETED_DEVICE_FAMILY = "1,2";
				TEST_TARGET_NAME = "swift-spotlight";
			};
			name = Release;
		};
/* End XCBuildConfiguration section */

/* Begin XCConfigurationList section */
		D64CAE8D2D84EBD90067A0C1 /* Build configuration list for PBXProject "SpotlightKit" */ = {
			isa = XCConfigurationList;
			buildConfigurations = (
				D64CAEB42D84EBDB0067A0C1 /* Debug */,
				D64CAEB52D84EBDB0067A0C1 /* Release */,
			);
			defaultConfigurationIsVisible = 0;
			defaultConfigurationName = Release;
		};
		D64CAEB62D84EBDB0067A0C1 /* Build configuration list for PBXNativeTarget "SpotlightKit" */ = {
			isa = XCConfigurationList;
			buildConfigurations = (
				D64CAEB72D84EBDB0067A0C1 /* Debug */,
				D64CAEB82D84EBDB0067A0C1 /* Release */,
			);
			defaultConfigurationIsVisible = 0;
			defaultConfigurationName = Release;
		};
		D64CAEB92D84EBDB0067A0C1 /* Build configuration list for PBXNativeTarget "SpotlightKitTests" */ = {
			isa = XCConfigurationList;
			buildConfigurations = (
				D64CAEBA2D84EBDB0067A0C1 /* Debug */,
				D64CAEBB2D84EBDB0067A0C1 /* Release */,
			);
			defaultConfigurationIsVisible = 0;
			defaultConfigurationName = Release;
		};
		D64CAEBC2D84EBDB0067A0C1 /* Build configuration list for PBXNativeTarget "SpotlightKitUITests" */ = {
			isa = XCConfigurationList;
			buildConfigurations = (
				D64CAEBD2D84EBDB0067A0C1 /* Debug */,
				D64CAEBE2D84EBDB0067A0C1 /* Release */,
			);
			defaultConfigurationIsVisible = 0;
			defaultConfigurationName = Release;
		};
/* End XCConfigurationList section */
	};
	rootObject = D64CAE8A2D84EBD90067A0C1 /* Project object */;
}
